schema: '2.0'
stages:
  prepare:
    cmd: python src/create_features.py
    deps:
    - path: data/adult.data
      hash: md5
      md5: 5d7c39d7b8804f071cdd1f2a7c460872
      size: 3974305
    - path: data/adult.test
      hash: md5
      md5: 366c746021dc50ad9d933d2817612fc9
      size: 2003132
    - path: src/create_features.py
      hash: md5
      md5: b93aea27ba45f8b24bdd52928f1f2b99
      size: 2564
    params:
      params.yaml:
        features.chi2percentile: 50
        features.test_path: data/adult.test
        features.train_path: data/adult.data
    outs:
    - path: data/pipeline.pkl
      hash: md5
      md5: 0ccf6f7c024f21a5d727f2e45bd61728
      size: 6104
    - path: data/processed_test_data.csv
      hash: md5
      md5: a59c8daac38fe1ca84dda2b458ee762a
      size: 5409602
    - path: data/processed_train_data.csv
      hash: md5
      md5: adf63b6ce20f7ee74f63d5dabb325226
      size: 10829967
  preprocess:
    cmd: python src/preprocessing.py
    deps:
    - path: data/cars24data.csv
      hash: md5
      md5: 43543625fbaee061f56ff71eb3d0d364
      size: 113344
    - path: src/preprocessing.py
      hash: md5
      md5: 3b1092cc78e9cdc5cbdd65c7bdcc59b9
      size: 706
    outs:
    - path: data/processed_data.csv
      hash: md5
      md5: 2e6996453fd766612777756d9841c2da
      size: 73580
